github.com/tensorflow/tensorflow v1.1.0 h1:/x7Ce+KNxrVDP808UUXWtojQ5DlW4X1SVTt/jx36ji8=
github.com/tensorflow/tensorflow v1.1.0/go.mod h1:itOSERT4trABok4UOoG+X4BoKds9F3rIsySdn+Lvu90=
github.com/tensorflow/tensorflow v1.5.0 h1:85Tt32BSeRa81ksWxz70Bl52DRleSZQE3TkptPfizso=
github.com/tensorflow/tensorflow v1.5.0/go.mod h1:itOSERT4trABok4UOoG+X4BoKds9F3rIsySdn+Lvu90=
