// !$*UTF8*$!
{
	archiveVersion = 1;
	classes = {
	};
	objectVersion = 48;
	objects = {

/* Begin PBXBuildFile section */
		224EBEA120DE468100A69696 /* saved_model-encrypted.pb in Resources */ = {isa = PBXBuildFile; fileRef = 224EBE9F20DE468100A69696 /* saved_model-encrypted.pb */; };
		224EBEA220DE468100A69696 /* saved_model.pb in Resources */ = {isa = PBXBuildFile; fileRef = 224EBEA020DE468100A69696 /* saved_model.pb */; };
		22BDBC0D209B9F0500B6E2A3 /* MNISTPredictor.mm in Sources */ = {isa = PBXBuildFile; fileRef = 22BDBC0C209B9F0500B6E2A3 /* MNISTPredictor.mm */; };
		22BDBC13209BAD6A00B6E2A3 /* UIImage+Utils.swift in Sources */ = {isa = PBXBuildFile; fileRef = 22BDBC12209BAD6A00B6E2A3 /* UIImage+Utils.swift */; };
		22C03CE8209A5F330018285A /* AppDelegate.swift in Sources */ = {isa = PBXBuildFile; fileRef = 22C03CE7209A5F330018285A /* AppDelegate.swift */; };
		22C03CEA209A5F330018285A /* ViewController.swift in Sources */ = {isa = PBXBuildFile; fileRef = 22C03CE9209A5F330018285A /* ViewController.swift */; };
		22C03CED209A5F330018285A /* Main.storyboard in Resources */ = {isa = PBXBuildFile; fileRef = 22C03CEB209A5F330018285A /* Main.storyboard */; };
		22C03CEF209A5F330018285A /* Assets.xcassets in Resources */ = {isa = PBXBuildFile; fileRef = 22C03CEE209A5F330018285A /* Assets.xcassets */; };
		22C03CF2209A5F330018285A /* LaunchScreen.storyboard in Resources */ = {isa = PBXBuildFile; fileRef = 22C03CF0209A5F330018285A /* LaunchScreen.storyboard */; };
		22D781F7209AFFF700666838 /* SecMatmulOp.cpp in Sources */ = {isa = PBXBuildFile; fileRef = 22D781F5209AFFF700666838 /* SecMatmulOp.cpp */; };
		22D781FB209B0B0E00666838 /* TFUtils.cpp in Sources */ = {isa = PBXBuildFile; fileRef = 22D781F9209B0B0E00666838 /* TFUtils.cpp */; };
		22D781FF209B0E1E00666838 /* TFPredictor.mm in Sources */ = {isa = PBXBuildFile; fileRef = 22D781FE209B0E1E00666838 /* TFPredictor.mm */; };
		22D78203209B10B100666838 /* NSError+Util.m in Sources */ = {isa = PBXBuildFile; fileRef = 22D78202209B10B100666838 /* NSError+Util.m */; };
		22D78206209B12ED00666838 /* Utils.mm in Sources */ = {isa = PBXBuildFile; fileRef = 22D78205209B12ED00666838 /* Utils.mm */; };
		AC0BA825D89502F758DAB934 /* Pods_TFSecured_iOS.framework in Frameworks */ = {isa = PBXBuildFile; fileRef = 064DDC4CD465B07A215E3066 /* Pods_TFSecured_iOS.framework */; };
/* End PBXBuildFile section */

/* Begin PBXFileReference section */
		064DDC4CD465B07A215E3066 /* Pods_TFSecured_iOS.framework */ = {isa = PBXFileReference; explicitFileType = wrapper.framework; includeInIndex = 0; path = Pods_TFSecured_iOS.framework; sourceTree = BUILT_PRODUCTS_DIR; };
		2211FEFA2230877200CDAC17 /* GraphDefDecryptor.Internals.hpp */ = {isa = PBXFileReference; lastKnownFileType = sourcecode.cpp.h; path = GraphDefDecryptor.Internals.hpp; sourceTree = "<group>"; };
		224EBE9F20DE468100A69696 /* saved_model-encrypted.pb */ = {isa = PBXFileReference; lastKnownFileType = file; path = "saved_model-encrypted.pb"; sourceTree = "<group>"; };
		224EBEA020DE468100A69696 /* saved_model.pb */ = {isa = PBXFileReference; lastKnownFileType = file; path = saved_model.pb; sourceTree = "<group>"; };
		226498C620D3E29200A07860 /* GraphDefDecryptor.hpp */ = {isa = PBXFileReference; fileEncoding = 4; lastKnownFileType = sourcecode.cpp.h; path = GraphDefDecryptor.hpp; sourceTree = "<group>"; };
		22BDBC0B209B9EF500B6E2A3 /* MNISTPredictor.h */ = {isa = PBXFileReference; lastKnownFileType = sourcecode.c.h; path = MNISTPredictor.h; sourceTree = "<group>"; };
		22BDBC0C209B9F0500B6E2A3 /* MNISTPredictor.mm */ = {isa = PBXFileReference; lastKnownFileType = sourcecode.cpp.objcpp; path = MNISTPredictor.mm; sourceTree = "<group>"; };
		22BDBC11209BA4CB00B6E2A3 /* UtilHeaders.h */ = {isa = PBXFileReference; lastKnownFileType = sourcecode.c.h; path = UtilHeaders.h; sourceTree = "<group>"; };
		22BDBC12209BAD6A00B6E2A3 /* UIImage+Utils.swift */ = {isa = PBXFileReference; lastKnownFileType = sourcecode.swift; path = "UIImage+Utils.swift"; sourceTree = "<group>"; };
		22C03CE4209A5F330018285A /* TFSecured-iOS.app */ = {isa = PBXFileReference; explicitFileType = wrapper.application; includeInIndex = 0; path = "TFSecured-iOS.app"; sourceTree = BUILT_PRODUCTS_DIR; };
		22C03CE7209A5F330018285A /* AppDelegate.swift */ = {isa = PBXFileReference; lastKnownFileType = sourcecode.swift; path = AppDelegate.swift; sourceTree = "<group>"; };
		22C03CE9209A5F330018285A /* ViewController.swift */ = {isa = PBXFileReference; lastKnownFileType = sourcecode.swift; path = ViewController.swift; sourceTree = "<group>"; };
		22C03CEC209A5F330018285A /* Base */ = {isa = PBXFileReference; lastKnownFileType = file.storyboard; name = Base; path = Base.lproj/Main.storyboard; sourceTree = "<group>"; };
		22C03CEE209A5F330018285A /* Assets.xcassets */ = {isa = PBXFileReference; lastKnownFileType = folder.assetcatalog; path = Assets.xcassets; sourceTree = "<group>"; };
		22C03CF1209A5F330018285A /* Base */ = {isa = PBXFileReference; lastKnownFileType = file.storyboard; name = Base; path = Base.lproj/LaunchScreen.storyboard; sourceTree = "<group>"; };
		22C03CF3209A5F330018285A /* Info.plist */ = {isa = PBXFileReference; lastKnownFileType = text.plist.xml; path = Info.plist; sourceTree = "<group>"; };
		22D781F4209AFFF600666838 /* TFSecured-Bridging-Header.h */ = {isa = PBXFileReference; lastKnownFileType = sourcecode.c.h; path = "TFSecured-Bridging-Header.h"; sourceTree = "<group>"; };
		22D781F5209AFFF700666838 /* SecMatmulOp.cpp */ = {isa = PBXFileReference; lastKnownFileType = sourcecode.cpp.cpp; path = SecMatmulOp.cpp; sourceTree = "<group>"; };
		22D781F6209AFFF700666838 /* SecMatmulOp.hpp */ = {isa = PBXFileReference; lastKnownFileType = sourcecode.cpp.h; path = SecMatmulOp.hpp; sourceTree = "<group>"; };
		22D781F9209B0B0E00666838 /* TFUtils.cpp */ = {isa = PBXFileReference; lastKnownFileType = sourcecode.cpp.cpp; path = TFUtils.cpp; sourceTree = "<group>"; };
		22D781FA209B0B0E00666838 /* TFUtils.hpp */ = {isa = PBXFileReference; lastKnownFileType = sourcecode.cpp.h; path = TFUtils.hpp; sourceTree = "<group>"; };
		22D781FD209B0DEA00666838 /* TFPredictor.h */ = {isa = PBXFileReference; lastKnownFileType = sourcecode.c.h; path = TFPredictor.h; sourceTree = "<group>"; };
		22D781FE209B0E1E00666838 /* TFPredictor.mm */ = {isa = PBXFileReference; lastKnownFileType = sourcecode.cpp.objcpp; path = TFPredictor.mm; sourceTree = "<group>"; };
		22D78201209B10A500666838 /* NSError+Util.h */ = {isa = PBXFileReference; lastKnownFileType = sourcecode.c.h; path = "NSError+Util.h"; sourceTree = "<group>"; };
		22D78202209B10B100666838 /* NSError+Util.m */ = {isa = PBXFileReference; lastKnownFileType = sourcecode.c.objc; path = "NSError+Util.m"; sourceTree = "<group>"; };
		22D78204209B12E100666838 /* Utils.hpp */ = {isa = PBXFileReference; lastKnownFileType = sourcecode.cpp.h; path = Utils.hpp; sourceTree = "<group>"; };
		22D78205209B12ED00666838 /* Utils.mm */ = {isa = PBXFileReference; lastKnownFileType = sourcecode.cpp.objcpp; path = Utils.mm; sourceTree = "<group>"; };
		48A75F77DD4A5544AF315D97 /* Pods-TFSecured.debug.xcconfig */ = {isa = PBXFileReference; includeInIndex = 1; lastKnownFileType = text.xcconfig; name = "Pods-TFSecured.debug.xcconfig"; path = "Pods/Target Support Files/Pods-TFSecured/Pods-TFSecured.debug.xcconfig"; sourceTree = "<group>"; };
		5628F34D21DC86209291C9C4 /* Pods-TFSecured.release.xcconfig */ = {isa = PBXFileReference; includeInIndex = 1; lastKnownFileType = text.xcconfig; name = "Pods-TFSecured.release.xcconfig"; path = "Pods/Target Support Files/Pods-TFSecured/Pods-TFSecured.release.xcconfig"; sourceTree = "<group>"; };
		DEC89E110075DAC89519253F /* Pods-TFSecured-iOS.debug.xcconfig */ = {isa = PBXFileReference; includeInIndex = 1; lastKnownFileType = text.xcconfig; name = "Pods-TFSecured-iOS.debug.xcconfig"; path = "Pods/Target Support Files/Pods-TFSecured-iOS/Pods-TFSecured-iOS.debug.xcconfig"; sourceTree = "<group>"; };
		F5B1D38D8D8DA539A7E105DC /* Pods_TFSecured.framework */ = {isa = PBXFileReference; explicitFileType = wrapper.framework; includeInIndex = 0; path = Pods_TFSecured.framework; sourceTree = BUILT_PRODUCTS_DIR; };
		F77211EB4B2EB3C4D7E3DD0E /* Pods-TFSecured-iOS.release.xcconfig */ = {isa = PBXFileReference; includeInIndex = 1; lastKnownFileType = text.xcconfig; name = "Pods-TFSecured-iOS.release.xcconfig"; path = "Pods/Target Support Files/Pods-TFSecured-iOS/Pods-TFSecured-iOS.release.xcconfig"; sourceTree = "<group>"; };
/* End PBXFileReference section */

/* Begin PBXFrameworksBuildPhase section */
		22C03CE1209A5F330018285A /* Frameworks */ = {
			isa = PBXFrameworksBuildPhase;
			buildActionMask = 2147483647;
			files = (
				AC0BA825D89502F758DAB934 /* Pods_TFSecured_iOS.framework in Frameworks */,
			);
			runOnlyForDeploymentPostprocessing = 0;
		};
/* End PBXFrameworksBuildPhase section */

/* Begin PBXGroup section */
		0C2593144EBFBD36F75A1870 /* Frameworks */ = {
			isa = PBXGroup;
			children = (
				F5B1D38D8D8DA539A7E105DC /* Pods_TFSecured.framework */,
				064DDC4CD465B07A215E3066 /* Pods_TFSecured_iOS.framework */,
			);
			name = Frameworks;
			sourceTree = "<group>";
		};
		224EBE9E20DE468100A69696 /* models */ = {
			isa = PBXGroup;
			children = (
				224EBE9F20DE468100A69696 /* saved_model-encrypted.pb */,
				224EBEA020DE468100A69696 /* saved_model.pb */,
			);
			name = models;
			path = ../../python/demo/models;
			sourceTree = "<group>";
		};
		226498C320D3E29200A07860 /* TFSecured */ = {
			isa = PBXGroup;
			children = (
				226498C620D3E29200A07860 /* GraphDefDecryptor.hpp */,
				2211FEFA2230877200CDAC17 /* GraphDefDecryptor.Internals.hpp */,
			);
			name = TFSecured;
			path = ../../TFSecured;
			sourceTree = "<group>";
		};
		22C03CDB209A5F330018285A = {
			isa = PBXGroup;
			children = (
				22C03CE6209A5F330018285A /* TFSecured-iOS */,
				22C03CE5209A5F330018285A /* Products */,
				478F7B25769C93989778DB35 /* Pods */,
				0C2593144EBFBD36F75A1870 /* Frameworks */,
			);
			sourceTree = "<group>";
		};
		22C03CE5209A5F330018285A /* Products */ = {
			isa = PBXGroup;
			children = (
				22C03CE4209A5F330018285A /* TFSecured-iOS.app */,
			);
			name = Products;
			sourceTree = "<group>";
		};
		22C03CE6209A5F330018285A /* TFSecured-iOS */ = {
			isa = PBXGroup;
			children = (
				224EBE9E20DE468100A69696 /* models */,
				226498C320D3E29200A07860 /* TFSecured */,
				22D78200209B107C00666838 /* categories */,
				22C03CF9209A5F3E0018285A /* tf */,
				22C03CE7209A5F330018285A /* AppDelegate.swift */,
				22C03CE9209A5F330018285A /* ViewController.swift */,
				22D781F4209AFFF600666838 /* TFSecured-Bridging-Header.h */,
				22C03CEB209A5F330018285A /* Main.storyboard */,
				22C03CEE209A5F330018285A /* Assets.xcassets */,
				22C03CF0209A5F330018285A /* LaunchScreen.storyboard */,
				22C03CF3209A5F330018285A /* Info.plist */,
			);
			path = "TFSecured-iOS";
			sourceTree = "<group>";
		};
		22C03CF9209A5F3E0018285A /* tf */ = {
			isa = PBXGroup;
			children = (
				22D781FC209B0B8E00666838 /* predict */,
				22D781F8209B0ACD00666838 /* utils */,
				22C03CFA209A5F470018285A /* ops */,
			);
			path = tf;
			sourceTree = "<group>";
		};
		22C03CFA209A5F470018285A /* ops */ = {
			isa = PBXGroup;
			children = (
				22D781F6209AFFF700666838 /* SecMatmulOp.hpp */,
				22D781F5209AFFF700666838 /* SecMatmulOp.cpp */,
			);
			path = ops;
			sourceTree = "<group>";
		};
		22D781F8209B0ACD00666838 /* utils */ = {
			isa = PBXGroup;
			children = (
				22D781FA209B0B0E00666838 /* TFUtils.hpp */,
				22D781F9209B0B0E00666838 /* TFUtils.cpp */,
				22D78204209B12E100666838 /* Utils.hpp */,
				22D78205209B12ED00666838 /* Utils.mm */,
				22BDBC11209BA4CB00B6E2A3 /* UtilHeaders.h */,
			);
			path = utils;
			sourceTree = "<group>";
		};
		22D781FC209B0B8E00666838 /* predict */ = {
			isa = PBXGroup;
			children = (
				22D781FD209B0DEA00666838 /* TFPredictor.h */,
				22D781FE209B0E1E00666838 /* TFPredictor.mm */,
				22BDBC0B209B9EF500B6E2A3 /* MNISTPredictor.h */,
				22BDBC0C209B9F0500B6E2A3 /* MNISTPredictor.mm */,
			);
			path = predict;
			sourceTree = "<group>";
		};
		22D78200209B107C00666838 /* categories */ = {
			isa = PBXGroup;
			children = (
				22D78201209B10A500666838 /* NSError+Util.h */,
				22D78202209B10B100666838 /* NSError+Util.m */,
				22BDBC12209BAD6A00B6E2A3 /* UIImage+Utils.swift */,
			);
			path = categories;
			sourceTree = "<group>";
		};
		478F7B25769C93989778DB35 /* Pods */ = {
			isa = PBXGroup;
			children = (
				48A75F77DD4A5544AF315D97 /* Pods-TFSecured.debug.xcconfig */,
				5628F34D21DC86209291C9C4 /* Pods-TFSecured.release.xcconfig */,
				DEC89E110075DAC89519253F /* Pods-TFSecured-iOS.debug.xcconfig */,
				F77211EB4B2EB3C4D7E3DD0E /* Pods-TFSecured-iOS.release.xcconfig */,
			);
			name = Pods;
			sourceTree = "<group>";
		};
/* End PBXGroup section */

/* Begin PBXNativeTarget section */
		22C03CE3209A5F330018285A /* TFSecured-iOS */ = {
			isa = PBXNativeTarget;
			buildConfigurationList = 22C03CF6209A5F330018285A /* Build configuration list for PBXNativeTarget "TFSecured-iOS" */;
			buildPhases = (
				03A2011FB45AE04EA3AB16F2 /* [CP] Check Pods Manifest.lock */,
				22C03CE0209A5F330018285A /* Sources */,
				22C03CE1209A5F330018285A /* Frameworks */,
				22C03CE2209A5F330018285A /* Resources */,
			);
			buildRules = (
			);
			dependencies = (
			);
			name = "TFSecured-iOS";
			productName = TFSecured;
			productReference = 22C03CE4209A5F330018285A /* TFSecured-iOS.app */;
			productType = "com.apple.product-type.application";
		};
/* End PBXNativeTarget section */

/* Begin PBXProject section */
		22C03CDC209A5F330018285A /* Project object */ = {
			isa = PBXProject;
			attributes = {
				LastSwiftUpdateCheck = 0910;
				LastUpgradeCheck = 0910;
				ORGANIZATIONNAME = user;
				TargetAttributes = {
					22C03CE3209A5F330018285A = {
						CreatedOnToolsVersion = 9.1;
						LastSwiftMigration = 0910;
						ProvisioningStyle = Automatic;
					};
				};
			};
			buildConfigurationList = 22C03CDF209A5F330018285A /* Build configuration list for PBXProject "TFSecured-iOS" */;
			compatibilityVersion = "Xcode 8.0";
			developmentRegion = en;
			hasScannedForEncodings = 0;
			knownRegions = (
				en,
				Base,
			);
			mainGroup = 22C03CDB209A5F330018285A;
			productRefGroup = 22C03CE5209A5F330018285A /* Products */;
			projectDirPath = "";
			projectRoot = "";
			targets = (
				22C03CE3209A5F330018285A /* TFSecured-iOS */,
			);
		};
/* End PBXProject section */

/* Begin PBXResourcesBuildPhase section */
		22C03CE2209A5F330018285A /* Resources */ = {
			isa = PBXResourcesBuildPhase;
			buildActionMask = 2147483647;
			files = (
				22C03CF2209A5F330018285A /* LaunchScreen.storyboard in Resources */,
				22C03CEF209A5F330018285A /* Assets.xcassets in Resources */,
				224EBEA220DE468100A69696 /* saved_model.pb in Resources */,
				224EBEA120DE468100A69696 /* saved_model-encrypted.pb in Resources */,
				22C03CED209A5F330018285A /* Main.storyboard in Resources */,
			);
			runOnlyForDeploymentPostprocessing = 0;
		};
/* End PBXResourcesBuildPhase section */

/* Begin PBXShellScriptBuildPhase section */
		03A2011FB45AE04EA3AB16F2 /* [CP] Check Pods Manifest.lock */ = {
			isa = PBXShellScriptBuildPhase;
			buildActionMask = 2147483647;
			files = (
			);
			inputPaths = (
				"${PODS_PODFILE_DIR_PATH}/Podfile.lock",
				"${PODS_ROOT}/Manifest.lock",
			);
			name = "[CP] Check Pods Manifest.lock";
			outputPaths = (
				"$(DERIVED_FILE_DIR)/Pods-TFSecured-iOS-checkManifestLockResult.txt",
			);
			runOnlyForDeploymentPostprocessing = 0;
			shellPath = /bin/sh;
			shellScript = "diff \"${PODS_PODFILE_DIR_PATH}/Podfile.lock\" \"${PODS_ROOT}/Manifest.lock\" > /dev/null\nif [ $? != 0 ] ; then\n    # print error to STDERR\n    echo \"error: The sandbox is not in sync with the Podfile.lock. Run 'pod install' or update your CocoaPods installation.\" >&2\n    exit 1\nfi\n# This output is used by Xcode 'outputs' to avoid re-running this script phase.\necho \"SUCCESS\" > \"${SCRIPT_OUTPUT_FILE_0}\"\n";
			showEnvVarsInLog = 0;
		};
/* End PBXShellScriptBuildPhase section */

/* Begin PBXSourcesBuildPhase section */
		22C03CE0209A5F330018285A /* Sources */ = {
			isa = PBXSourcesBuildPhase;
			buildActionMask = 2147483647;
			files = (
				22D781F7209AFFF700666838 /* SecMatmulOp.cpp in Sources */,
				22D78203209B10B100666838 /* NSError+Util.m in Sources */,
				22BDBC13209BAD6A00B6E2A3 /* UIImage+Utils.swift in Sources */,
				22BDBC0D209B9F0500B6E2A3 /* MNISTPredictor.mm in Sources */,
				22C03CEA209A5F330018285A /* ViewController.swift in Sources */,
				22D781FF209B0E1E00666838 /* TFPredictor.mm in Sources */,
				22C03CE8209A5F330018285A /* AppDelegate.swift in Sources */,
				22D78206209B12ED00666838 /* Utils.mm in Sources */,
				22D781FB209B0B0E00666838 /* TFUtils.cpp in Sources */,
			);
			runOnlyForDeploymentPostprocessing = 0;
		};
/* End PBXSourcesBuildPhase section */

/* Begin PBXVariantGroup section */
		22C03CEB209A5F330018285A /* Main.storyboard */ = {
			isa = PBXVariantGroup;
			children = (
				22C03CEC209A5F330018285A /* Base */,
			);
			name = Main.storyboard;
			sourceTree = "<group>";
		};
		22C03CF0209A5F330018285A /* LaunchScreen.storyboard */ = {
			isa = PBXVariantGroup;
			children = (
				22C03CF1209A5F330018285A /* Base */,
			);
			name = LaunchScreen.storyboard;
			sourceTree = "<group>";
		};
/* End PBXVariantGroup section */

/* Begin XCBuildConfiguration section */
		22C03CF4209A5F330018285A /* Debug */ = {
			isa = XCBuildConfiguration;
			buildSettings = {
				ALWAYS_SEARCH_USER_PATHS = NO;
				CLANG_ANALYZER_NONNULL = YES;
				CLANG_ANALYZER_NUMBER_OBJECT_CONVERSION = YES_AGGRESSIVE;
				CLANG_CXX_LANGUAGE_STANDARD = "gnu++14";
				CLANG_CXX_LIBRARY = "libc++";
				CLANG_ENABLE_MODULES = YES;
				CLANG_ENABLE_OBJC_ARC = YES;
				CLANG_WARN_BLOCK_CAPTURE_AUTORELEASING = YES;
				CLANG_WARN_BOOL_CONVERSION = YES;
				CLANG_WARN_COMMA = YES;
				CLANG_WARN_CONSTANT_CONVERSION = YES;
				CLANG_WARN_DIRECT_OBJC_ISA_USAGE = YES_ERROR;
				CLANG_WARN_DOCUMENTATION_COMMENTS = YES;
				CLANG_WARN_EMPTY_BODY = YES;
				CLANG_WARN_ENUM_CONVERSION = YES;
				CLANG_WARN_INFINITE_RECURSION = YES;
				CLANG_WARN_INT_CONVERSION = YES;
				CLANG_WARN_NON_LITERAL_NULL_CONVERSION = YES;
				CLANG_WARN_OBJC_LITERAL_CONVERSION = YES;
				CLANG_WARN_OBJC_ROOT_CLASS = YES_ERROR;
				CLANG_WARN_RANGE_LOOP_ANALYSIS = YES;
				CLANG_WARN_STRICT_PROTOTYPES = YES;
				CLANG_WARN_SUSPICIOUS_MOVE = YES;
				CLANG_WARN_UNGUARDED_AVAILABILITY = YES_AGGRESSIVE;
				CLANG_WARN_UNREACHABLE_CODE = YES;
				CLANG_WARN__DUPLICATE_METHOD_MATCH = YES;
				CODE_SIGN_IDENTITY = "iPhone Developer";
				COPY_PHASE_STRIP = NO;
				DEBUG_INFORMATION_FORMAT = dwarf;
				ENABLE_STRICT_OBJC_MSGSEND = YES;
				ENABLE_TESTABILITY = YES;
				GCC_C_LANGUAGE_STANDARD = gnu11;
				GCC_DYNAMIC_NO_PIC = NO;
				GCC_NO_COMMON_BLOCKS = YES;
				GCC_OPTIMIZATION_LEVEL = 0;
				GCC_PREPROCESSOR_DEFINITIONS = (
					"DEBUG=1",
					"$(inherited)",
				);
				GCC_WARN_64_TO_32_BIT_CONVERSION = YES;
				GCC_WARN_ABOUT_RETURN_TYPE = YES_ERROR;
				GCC_WARN_UNDECLARED_SELECTOR = YES;
				GCC_WARN_UNINITIALIZED_AUTOS = YES_AGGRESSIVE;
				GCC_WARN_UNUSED_FUNCTION = YES;
				GCC_WARN_UNUSED_VARIABLE = YES;
				IPHONEOS_DEPLOYMENT_TARGET = 11.1;
				MTL_ENABLE_DEBUG_INFO = YES;
				ONLY_ACTIVE_ARCH = YES;
				SDKROOT = iphoneos;
				SWIFT_ACTIVE_COMPILATION_CONDITIONS = DEBUG;
				SWIFT_OPTIMIZATION_LEVEL = "-Onone";
			};
			name = Debug;
		};
		22C03CF5209A5F330018285A /* Release */ = {
			isa = XCBuildConfiguration;
			buildSettings = {
				ALWAYS_SEARCH_USER_PATHS = NO;
				CLANG_ANALYZER_NONNULL = YES;
				CLANG_ANALYZER_NUMBER_OBJECT_CONVERSION = YES_AGGRESSIVE;
				CLANG_CXX_LANGUAGE_STANDARD = "gnu++14";
				CLANG_CXX_LIBRARY = "libc++";
				CLANG_ENABLE_MODULES = YES;
				CLANG_ENABLE_OBJC_ARC = YES;
				CLANG_WARN_BLOCK_CAPTURE_AUTORELEASING = YES;
				CLANG_WARN_BOOL_CONVERSION = YES;
				CLANG_WARN_COMMA = YES;
				CLANG_WARN_CONSTANT_CONVERSION = YES;
				CLANG_WARN_DIRECT_OBJC_ISA_USAGE = YES_ERROR;
				CLANG_WARN_DOCUMENTATION_COMMENTS = YES;
				CLANG_WARN_EMPTY_BODY = YES;
				CLANG_WARN_ENUM_CONVERSION = YES;
				CLANG_WARN_INFINITE_RECURSION = YES;
				CLANG_WARN_INT_CONVERSION = YES;
				CLANG_WARN_NON_LITERAL_NULL_CONVERSION = YES;
				CLANG_WARN_OBJC_LITERAL_CONVERSION = YES;
				CLANG_WARN_OBJC_ROOT_CLASS = YES_ERROR;
				CLANG_WARN_RANGE_LOOP_ANALYSIS = YES;
				CLANG_WARN_STRICT_PROTOTYPES = YES;
				CLANG_WARN_SUSPICIOUS_MOVE = YES;
				CLANG_WARN_UNGUARDED_AVAILABILITY = YES_AGGRESSIVE;
				CLANG_WARN_UNREACHABLE_CODE = YES;
				CLANG_WARN__DUPLICATE_METHOD_MATCH = YES;
				CODE_SIGN_IDENTITY = "iPhone Developer";
				COPY_PHASE_STRIP = NO;
				DEBUG_INFORMATION_FORMAT = "dwarf-with-dsym";
				ENABLE_NS_ASSERTIONS = NO;
				ENABLE_STRICT_OBJC_MSGSEND = YES;
				GCC_C_LANGUAGE_STANDARD = gnu11;
				GCC_NO_COMMON_BLOCKS = YES;
				GCC_WARN_64_TO_32_BIT_CONVERSION = YES;
				GCC_WARN_ABOUT_RETURN_TYPE = YES_ERROR;
				GCC_WARN_UNDECLARED_SELECTOR = YES;
				GCC_WARN_UNINITIALIZED_AUTOS = YES_AGGRESSIVE;
				GCC_WARN_UNUSED_FUNCTION = YES;
				GCC_WARN_UNUSED_VARIABLE = YES;
				IPHONEOS_DEPLOYMENT_TARGET = 11.1;
				MTL_ENABLE_DEBUG_INFO = NO;
				SDKROOT = iphoneos;
				SWIFT_OPTIMIZATION_LEVEL = "-Owholemodule";
				VALIDATE_PRODUCT = YES;
			};
			name = Release;
		};
		22C03CF7209A5F330018285A /* Debug */ = {
			isa = XCBuildConfiguration;
			baseConfigurationReference = DEC89E110075DAC89519253F /* Pods-TFSecured-iOS.debug.xcconfig */;
			buildSettings = {
				ASSETCATALOG_COMPILER_APPICON_NAME = AppIcon;
				ASSETCATALOG_COMPILER_LAUNCHIMAGE_NAME = LaunchImage;
				CLANG_ENABLE_MODULES = YES;
				CODE_SIGN_STYLE = Automatic;
				DEVELOPMENT_TEAM = 38YYV4LCDS;
				HEADER_SEARCH_PATHS = (
					"$(inherited)",
					"'${SRCROOT}/Pods/TensorFlow-experimental/Frameworks/tensorflow_experimental.framework/Headers'",
					"'${SRCROOT}/Pods/TensorFlow-experimental/Frameworks/tensorflow_experimental.framework/Headers/third_party/eigen3'",
				);
				INFOPLIST_FILE = "$(SRCROOT)/TFSecured-iOS/Info.plist";
				IPHONEOS_DEPLOYMENT_TARGET = 10.0;
				LD_RUNPATH_SEARCH_PATHS = "$(inherited) @executable_path/Frameworks";
				PRODUCT_BUNDLE_IDENTIFIER = TFSecured.TFSecured;
				PRODUCT_NAME = "$(TARGET_NAME)";
				SWIFT_OBJC_BRIDGING_HEADER = "TFSecured-iOS/TFSecured-Bridging-Header.h";
				SWIFT_OPTIMIZATION_LEVEL = "-Onone";
				SWIFT_VERSION = 4.0;
				TARGETED_DEVICE_FAMILY = "1,2";
			};
			name = Debug;
		};
		22C03CF8209A5F330018285A /* Release */ = {
			isa = XCBuildConfiguration;
			baseConfigurationReference = F77211EB4B2EB3C4D7E3DD0E /* Pods-TFSecured-iOS.release.xcconfig */;
			buildSettings = {
				ASSETCATALOG_COMPILER_APPICON_NAME = AppIcon;
				ASSETCATALOG_COMPILER_LAUNCHIMAGE_NAME = LaunchImage;
				CLANG_ENABLE_MODULES = YES;
				CODE_SIGN_STYLE = Automatic;
				DEVELOPMENT_TEAM = 38YYV4LCDS;
				HEADER_SEARCH_PATHS = (
					"$(inherited)",
					"'${SRCROOT}/Pods/TensorFlow-experimental/Frameworks/tensorflow_experimental.framework/Headers'",
					"'${SRCROOT}/Pods/TensorFlow-experimental/Frameworks/tensorflow_experimental.framework/Headers/third_party/eigen3'",
				);
				INFOPLIST_FILE = "$(SRCROOT)/TFSecured-iOS/Info.plist";
				IPHONEOS_DEPLOYMENT_TARGET = 10.0;
				LD_RUNPATH_SEARCH_PATHS = "$(inherited) @executable_path/Frameworks";
				PRODUCT_BUNDLE_IDENTIFIER = TFSecured.TFSecured;
				PRODUCT_NAME = "$(TARGET_NAME)";
				SWIFT_OBJC_BRIDGING_HEADER = "TFSecured-iOS/TFSecured-Bridging-Header.h";
				SWIFT_VERSION = 4.0;
				TARGETED_DEVICE_FAMILY = "1,2";
			};
			name = Release;
		};
/* End XCBuildConfiguration section */

/* Begin XCConfigurationList section */
		22C03CDF209A5F330018285A /* Build configuration list for PBXProject "TFSecured-iOS" */ = {
			isa = XCConfigurationList;
			buildConfigurations = (
				22C03CF4209A5F330018285A /* Debug */,
				22C03CF5209A5F330018285A /* Release */,
			);
			defaultConfigurationIsVisible = 0;
			defaultConfigurationName = Release;
		};
		22C03CF6209A5F330018285A /* Build configuration list for PBXNativeTarget "TFSecured-iOS" */ = {
			isa = XCConfigurationList;
			buildConfigurations = (
				22C03CF7209A5F330018285A /* Debug */,
				22C03CF8209A5F330018285A /* Release */,
			);
			defaultConfigurationIsVisible = 0;
			defaultConfigurationName = Release;
		};
/* End XCConfigurationList section */
	};
	rootObject = 22C03CDC209A5F330018285A /* Project object */;
}
